// !$*UTF8*$!
{
	archiveVersion = 1;
	classes = {
	};
	objectVersion = 77;
	objects = {

/* Begin PBXContainerItemProxy section */
		98D353A22E39FCD5007A5823 /* PBXContainerItemProxy */ = {
			isa = PBXContainerItemProxy;
			containerPortal = 98D353832E39FCD2007A5823 /* Project object */;
			proxyType = 1;
			remoteGlobalIDString = 98D3538A2E39FCD2007A5823;
			remoteInfo = TestSourceGit;
		};
		98D353AC2E39FCD5007A5823 /* PBXContainerItemProxy */ = {
			isa = PBXContainerItemProxy;
			containerPortal = 98D353832E39FCD2007A5823 /* Project object */;
			proxyType = 1;
			remoteGlobalIDString = 98D3538A2E39FCD2007A5823;
			remoteInfo = TestSourceGit;
		};
/* End PBXContainerItemProxy section */

/* Begin PBXFileReference section */
		98D3538B2E39FCD2007A5823 /* TestSourceGit.app */ = {isa = PBXFileReference; explicitFileType = wrapper.application; includeInIndex = 0; path = TestSourceGit.app; sourceTree = BUILT_PRODUCTS_DIR; };
		98D353A12E39FCD5007A5823 /* TestSourceGitTests.xctest */ = {isa = PBXFileReference; explicitFileType = wrapper.cfbundle; includeInIndex = 0; path = TestSourceGitTests.xctest; sourceTree = BUILT_PRODUCTS_DIR; };
		98D353AB2E39FCD5007A5823 /* TestSourceGitUITests.xctest */ = {isa = PBXFileReference; explicitFileType = wrapper.cfbundle; includeInIndex = 0; path = TestSourceGitUITests.xctest; sourceTree = BUILT_PRODUCTS_DIR; };
/* End PBXFileReference section */

/* Begin PBXFileSystemSynchronizedBuildFileExceptionSet section */
		98D353B32E39FCD5007A5823 /* Exceptions for "TestSourceGit" folder in "TestSourceGit" target */ = {
			isa = PBXFileSystemSynchronizedBuildFileExceptionSet;
			membershipExceptions = (
				Info.plist,
			);
			target = 98D3538A2E39FCD2007A5823 /* TestSourceGit */;
		};
/* End PBXFileSystemSynchronizedBuildFileExceptionSet section */

/* Begin PBXFileSystemSynchronizedRootGroup section */
		98D3538D2E39FCD2007A5823 /* TestSourceGit */ = {
			isa = PBXFileSystemSynchronizedRootGroup;
			exceptions = (
				98D353B32E39FCD5007A5823 /* Exceptions for "TestSourceGit" folder in "TestSourceGit" target */,
			);
			path = TestSourceGit;
			sourceTree = "<group>";
		};
		98D353A42E39FCD5007A5823 /* TestSourceGitTests */ = {
			isa = PBXFileSystemSynchronizedRootGroup;
			path = TestSourceGitTests;
			sourceTree = "<group>";
		};
		98D353AE2E39FCD5007A5823 /* TestSourceGitUITests */ = {
			isa = PBXFileSystemSynchronizedRootGroup;
			path = TestSourceGitUITests;
			sourceTree = "<group>";
		};
/* End PBXFileSystemSynchronizedRootGroup section */

/* Begin PBXFrameworksBuildPhase section */
		98D353882E39FCD2007A5823 /* Frameworks */ = {
			isa = PBXFrameworksBuildPhase;
			buildActionMask = 2147483647;
			files = (
			);
			runOnlyForDeploymentPostprocessing = 0;
		};
		98D3539E2E39FCD5007A5823 /* Frameworks */ = {
			isa = PBXFrameworksBuildPhase;
			buildActionMask = 2147483647;
			files = (
			);
			runOnlyForDeploymentPostprocessing = 0;
		};
		98D353A82E39FCD5007A5823 /* Frameworks */ = {
			isa = PBXFrameworksBuildPhase;
			buildActionMask = 2147483647;
			files = (
			);
			runOnlyForDeploymentPostprocessing = 0;
		};
/* End PBXFrameworksBuildPhase section */

/* Begin PBXGroup section */
		98D353822E39FCD2007A5823 = {
			isa = PBXGroup;
			children = (
				98D3538D2E39FCD2007A5823 /* TestSourceGit */,
				98D353A42E39FCD5007A5823 /* TestSourceGitTests */,
				98D353AE2E39FCD5007A5823 /* TestSourceGitUITests */,
				98D3538C2E39FCD2007A5823 /* Products */,
			);
			sourceTree = "<group>";
		};
		98D3538C2E39FCD2007A5823 /* Products */ = {
			isa = PBXGroup;
			children = (
				98D3538B2E39FCD2007A5823 /* TestSourceGit.app */,
				98D353A12E39FCD5007A5823 /* TestSourceGitTests.xctest */,
				98D353AB2E39FCD5007A5823 /* TestSourceGitUITests.xctest */,
			);
			name = Products;
			sourceTree = "<group>";
		};
/* End PBXGroup section */

/* Begin PBXNativeTarget section */
		98D3538A2E39FCD2007A5823 /* TestSourceGit */ = {
			isa = PBXNativeTarget;
			buildConfigurationList = 98D353B42E39FCD5007A5823 /* Build configuration list for PBXNativeTarget "TestSourceGit" */;
			buildPhases = (
				98D353872E39FCD2007A5823 /* Sources */,
				98D353882E39FCD2007A5823 /* Frameworks */,
				98D353892E39FCD2007A5823 /* Resources */,
			);
			buildRules = (
			);
			dependencies = (
			);
			fileSystemSynchronizedGroups = (
				98D3538D2E39FCD2007A5823 /* TestSourceGit */,
			);
			name = TestSourceGit;
			packageProductDependencies = (
			);
			productName = TestSourceGit;
			productReference = 98D3538B2E39FCD2007A5823 /* TestSourceGit.app */;
			productType = "com.apple.product-type.application";
		};
		98D353A02E39FCD5007A5823 /* TestSourceGitTests */ = {
			isa = PBXNativeTarget;
			buildConfigurationList = 98D353B92E39FCD5007A5823 /* Build configuration list for PBXNativeTarget "TestSourceGitTests" */;
			buildPhases = (
				98D3539D2E39FCD5007A5823 /* Sources */,
				98D3539E2E39FCD5007A5823 /* Frameworks */,
				98D3539F2E39FCD5007A5823 /* Resources */,
			);
			buildRules = (
			);
			dependencies = (
				98D353A32E39FCD5007A5823 /* PBXTargetDependency */,
			);
			fileSystemSynchronizedGroups = (
				98D353A42E39FCD5007A5823 /* TestSourceGitTests */,
			);
			name = TestSourceGitTests;
			packageProductDependencies = (
			);
			productName = TestSourceGitTests;
			productReference = 98D353A12E39FCD5007A5823 /* TestSourceGitTests.xctest */;
			productType = "com.apple.product-type.bundle.unit-test";
		};
		98D353AA2E39FCD5007A5823 /* TestSourceGitUITests */ = {
			isa = PBXNativeTarget;
			buildConfigurationList = 98D353BC2E39FCD5007A5823 /* Build configuration list for PBXNativeTarget "TestSourceGitUITests" */;
			buildPhases = (
				98D353A72E39FCD5007A5823 /* Sources */,
				98D353A82E39FCD5007A5823 /* Frameworks */,
				98D353A92E39FCD5007A5823 /* Resources */,
			);
			buildRules = (
			);
			dependencies = (
				98D353AD2E39FCD5007A5823 /* PBXTargetDependency */,
			);
			fileSystemSynchronizedGroups = (
				98D353AE2E39FCD5007A5823 /* TestSourceGitUITests */,
			);
			name = TestSourceGitUITests;
			packageProductDependencies = (
			);
			productName = TestSourceGitUITests;
			productReference = 98D353AB2E39FCD5007A5823 /* TestSourceGitUITests.xctest */;
			productType = "com.apple.product-type.bundle.ui-testing";
		};
/* End PBXNativeTarget section */

/* Begin PBXProject section */
		98D353832E39FCD2007A5823 /* Project object */ = {
			isa = PBXProject;
			attributes = {
				BuildIndependentTargetsInParallel = 1;
				LastSwiftUpdateCheck = 1640;
				LastUpgradeCheck = 1640;
				TargetAttributes = {
					98D3538A2E39FCD2007A5823 = {
						CreatedOnToolsVersion = 16.4;
					};
					98D353A02E39FCD5007A5823 = {
						CreatedOnToolsVersion = 16.4;
						TestTargetID = 98D3538A2E39FCD2007A5823;
					};
					98D353AA2E39FCD5007A5823 = {
						CreatedOnToolsVersion = 16.4;
						TestTargetID = 98D3538A2E39FCD2007A5823;
					};
				};
			};
			buildConfigurationList = 98D353862E39FCD2007A5823 /* Build configuration list for PBXProject "TestSourceGit" */;
			developmentRegion = en;
			hasScannedForEncodings = 0;
			knownRegions = (
				en,
				Base,
			);
			mainGroup = 98D353822E39FCD2007A5823;
			minimizedProjectReferenceProxies = 1;
			preferredProjectObjectVersion = 77;
			productRefGroup = 98D3538C2E39FCD2007A5823 /* Products */;
			projectDirPath = "";
			projectRoot = "";
			targets = (
				98D3538A2E39FCD2007A5823 /* TestSourceGit */,
				98D353A02E39FCD5007A5823 /* TestSourceGitTests */,
				98D353AA2E39FCD5007A5823 /* TestSourceGitUITests */,
			);
		};
/* End PBXProject section */

/* Begin PBXResourcesBuildPhase section */
		98D353892E39FCD2007A5823 /* Resources */ = {
			isa = PBXResourcesBuildPhase;
			buildActionMask = 2147483647;
			files = (
			);
			runOnlyForDeploymentPostprocessing = 0;
		};
		98D3539F2E39FCD5007A5823 /* Resources */ = {
			isa = PBXResourcesBuildPhase;
			buildActionMask = 2147483647;
			files = (
			);
			runOnlyForDeploymentPostprocessing = 0;
		};
		98D353A92E39FCD5007A5823 /* Resources */ = {
			isa = PBXResourcesBuildPhase;
			buildActionMask = 2147483647;
			files = (
			);
			runOnlyForDeploymentPostprocessing = 0;
		};
/* End PBXResourcesBuildPhase section */

/* Begin PBXSourcesBuildPhase section */
		98D353872E39FCD2007A5823 /* Sources */ = {
			isa = PBXSourcesBuildPhase;
			buildActionMask = 2147483647;
			files = (
			);
			runOnlyForDeploymentPostprocessing = 0;
		};
		98D3539D2E39FCD5007A5823 /* Sources */ = {
			isa = PBXSourcesBuildPhase;
			buildActionMask = 2147483647;
			files = (
			);
			runOnlyForDeploymentPostprocessing = 0;
		};
		98D353A72E39FCD5007A5823 /* Sources */ = {
			isa = PBXSourcesBuildPhase;
			buildActionMask = 2147483647;
			files = (
			);
			runOnlyForDeploymentPostprocessing = 0;
		};
/* End PBXSourcesBuildPhase section */

/* Begin PBXTargetDependency section */
		98D353A32E39FCD5007A5823 /* PBXTargetDependency */ = {
			isa = PBXTargetDependency;
			target = 98D3538A2E39FCD2007A5823 /* TestSourceGit */;
			targetProxy = 98D353A22E39FCD5007A5823 /* PBXContainerItemProxy */;
		};
		98D353AD2E39FCD5007A5823 /* PBXTargetDependency */ = {
			isa = PBXTargetDependency;
			target = 98D3538A2E39FCD2007A5823 /* TestSourceGit */;
			targetProxy = 98D353AC2E39FCD5007A5823 /* PBXContainerItemProxy */;
		};
/* End PBXTargetDependency section */

/* Begin XCBuildConfiguration section */
		98D353B52E39FCD5007A5823 /* Debug */ = {
			isa = XCBuildConfiguration;
			buildSettings = {
				ASSETCATALOG_COMPILER_APPICON_NAME = AppIcon;
				ASSETCATALOG_COMPILER_GLOBAL_ACCENT_COLOR_NAME = AccentColor;
				CODE_SIGN_STYLE = Automatic;
				CURRENT_PROJECT_VERSION = 1;
				GENERATE_INFOPLIST_FILE = YES;
				INFOPLIST_FILE = TestSourceGit/Info.plist;
				INFOPLIST_KEY_UIApplicationSupportsIndirectInputEvents = YES;
				INFOPLIST_KEY_UILaunchStoryboardName = LaunchScreen;
				INFOPLIST_KEY_UIMainStoryboardFile = Main;
				INFOPLIST_KEY_UISupportedInterfaceOrientations_iPad = "UIInterfaceOrientationPortrait UIInterfaceOrientationPortraitUpsideDown UIInterfaceOrientationLandscapeLeft UIInterfaceOrientationLandscapeRight";
				INFOPLIST_KEY_UISupportedInterfaceOrientations_iPhone = "UIInterfaceOrientationPortrait UIInterfaceOrientationLandscapeLeft UIInterfaceOrientationLandscapeRight";
				LD_RUNPATH_SEARCH_PATHS = (
					"$(inherited)",
					"@executable_path/Frameworks",
				);
				MARKETING_VERSION = 1.0;
				PRODUCT_BUNDLE_IDENTIFIER = com.TestSourceGit;
				PRODUCT_NAME = "$(TARGET_NAME)";
				SWIFT_EMIT_LOC_STRINGS = YES;
				SWIFT_VERSION = 5.0;
				TARGETED_DEVICE_FAMILY = "1,2";
			};
			name = Debug;
		};
		98D353B62E39FCD5007A5823 /* Release */ = {
			isa = XCBuildConfiguration;
			buildSettings = {
				ASSETCATALOG_COMPILER_APPICON_NAME = AppIcon;
				ASSETCATALOG_COMPILER_GLOBAL_ACCENT_COLOR_NAME = AccentColor;
				CODE_SIGN_STYLE = Automatic;
				CURRENT_PROJECT_VERSION = 1;
				GENERATE_INFOPLIST_FILE = YES;
				INFOPLIST_FILE = TestSourceGit/Info.plist;
				INFOPLIST_KEY_UIApplicationSupportsIndirectInputEvents = YES;
				INFOPLIST_KEY_UILaunchStoryboardName = LaunchScreen;
				INFOPLIST_KEY_UIMainStoryboardFile = Main;
				INFOPLIST_KEY_UISupportedInterfaceOrientations_iPad = "UIInterfaceOrientationPortrait UIInterfaceOrientationPortraitUpsideDown UIInterfaceOrientationLandscapeLeft UIInterfaceOrientationLandscapeRight";
				INFOPLIST_KEY_UISupportedInterfaceOrientations_iPhone = "UIInterfaceOrientationPortrait UIInterfaceOrientationLandscapeLeft UIInterfaceOrientationLandscapeRight";
				LD_RUNPATH_SEARCH_PATHS = (
					"$(inherited)",
					"@executable_path/Frameworks",
				);
				MARKETING_VERSION = 1.0;
				PRODUCT_BUNDLE_IDENTIFIER = com.TestSourceGit;
				PRODUCT_NAME = "$(TARGET_NAME)";
				SWIFT_EMIT_LOC_STRINGS = YES;
				SWIFT_VERSION = 5.0;
				TARGETED_DEVICE_FAMILY = "1,2";
			};
			name = Release;
		};
		98D353B72E39FCD5007A5823 /* Debug */ = {
			isa = XCBuildConfiguration;
			buildSettings = {
				ALWAYS_SEARCH_USER_PATHS = NO;
				ASSETCATALOG_COMPILER_GENERATE_SWIFT_ASSET_SYMBOL_EXTENSIONS = YES;
				CLANG_ANALYZER_NONNULL = YES;
				CLANG_ANALYZER_NUMBER_OBJECT_CONVERSION = YES_AGGRESSIVE;
				CLANG_CXX_LANGUAGE_STANDARD = "gnu++20";
				CLANG_ENABLE_MODULES = YES;
				CLANG_ENABLE_OBJC_ARC = YES;
				CLANG_ENABLE_OBJC_WEAK = YES;
				CLANG_WARN_BLOCK_CAPTURE_AUTORELEASING = YES;
				CLANG_WARN_BOOL_CONVERSION = YES;
				CLANG_WARN_COMMA = YES;
				CLANG_WARN_CONSTANT_CONVERSION = YES;
				CLANG_WARN_DEPRECATED_OBJC_IMPLEMENTATIONS = YES;
				CLANG_WARN_DIRECT_OBJC_ISA_USAGE = YES_ERROR;
				CLANG_WARN_DOCUMENTATION_COMMENTS = YES;
				CLANG_WARN_EMPTY_BODY = YES;
				CLANG_WARN_ENUM_CONVERSION = YES;
				CLANG_WARN_INFINITE_RECURSION = YES;
				CLANG_WARN_INT_CONVERSION = YES;
				CLANG_WARN_NON_LITERAL_NULL_CONVERSION = YES;
				CLANG_WARN_OBJC_IMPLICIT_RETAIN_SELF = YES;
				CLANG_WARN_OBJC_LITERAL_CONVERSION = YES;
				CLANG_WARN_OBJC_ROOT_CLASS = YES_ERROR;
				CLANG_WARN_QUOTED_INCLUDE_IN_FRAMEWORK_HEADER = YES;
				CLANG_WARN_RANGE_LOOP_ANALYSIS = YES;
				CLANG_WARN_STRICT_PROTOTYPES = YES;
				CLANG_WARN_SUSPICIOUS_MOVE = YES;
				CLANG_WARN_UNGUARDED_AVAILABILITY = YES_AGGRESSIVE;
				CLANG_WARN_UNREACHABLE_CODE = YES;
				CLANG_WARN__DUPLICATE_METHOD_MATCH = YES;
				COPY_PHASE_STRIP = NO;
				DEBUG_INFORMATION_FORMAT = dwarf;
				ENABLE_STRICT_OBJC_MSGSEND = YES;
				ENABLE_TESTABILITY = YES;
				ENABLE_USER_SCRIPT_SANDBOXING = YES;
				GCC_C_LANGUAGE_STANDARD = gnu17;
				GCC_DYNAMIC_NO_PIC = NO;
				GCC_NO_COMMON_BLOCKS = YES;
				GCC_OPTIMIZATION_LEVEL = 0;
				GCC_PREPROCESSOR_DEFINITIONS = (
					"DEBUG=1",
					"$(inherited)",
				);
				GCC_WARN_64_TO_32_BIT_CONVERSION = YES;
				GCC_WARN_ABOUT_RETURN_TYPE = YES_ERROR;
				GCC_WARN_UNDECLARED_SELECTOR = YES;
				GCC_WARN_UNINITIALIZED_AUTOS = YES_AGGRESSIVE;
				GCC_WARN_UNUSED_FUNCTION = YES;
				GCC_WARN_UNUSED_VARIABLE = YES;
				IPHONEOS_DEPLOYMENT_TARGET = 18.5;
				LOCALIZATION_PREFERS_STRING_CATALOGS = YES;
				MTL_ENABLE_DEBUG_INFO = INCLUDE_SOURCE;
				MTL_FAST_MATH = YES;
				ONLY_ACTIVE_ARCH = YES;
				SDKROOT = iphoneos;
				SWIFT_ACTIVE_COMPILATION_CONDITIONS = "DEBUG $(inherited)";
				SWIFT_OPTIMIZATION_LEVEL = "-Onone";
			};
			name = Debug;
		};
		98D353B82E39FCD5007A5823 /* Release */ = {
			isa = XCBuildConfiguration;
			buildSettings = {
				ALWAYS_SEARCH_USER_PATHS = NO;
				ASSETCATALOG_COMPILER_GENERATE_SWIFT_ASSET_SYMBOL_EXTENSIONS = YES;
				CLANG_ANALYZER_NONNULL = YES;
				CLANG_ANALYZER_NUMBER_OBJECT_CONVERSION = YES_AGGRESSIVE;
				CLANG_CXX_LANGUAGE_STANDARD = "gnu++20";
				CLANG_ENABLE_MODULES = YES;
				CLANG_ENABLE_OBJC_ARC = YES;
				CLANG_ENABLE_OBJC_WEAK = YES;
				CLANG_WARN_BLOCK_CAPTURE_AUTORELEASING = YES;
				CLANG_WARN_BOOL_CONVERSION = YES;
				CLANG_WARN_COMMA = YES;
				CLANG_WARN_CONSTANT_CONVERSION = YES;
				CLANG_WARN_DEPRECATED_OBJC_IMPLEMENTATIONS = YES;
				CLANG_WARN_DIRECT_OBJC_ISA_USAGE = YES_ERROR;
				CLANG_WARN_DOCUMENTATION_COMMENTS = YES;
				CLANG_WARN_EMPTY_BODY = YES;
				CLANG_WARN_ENUM_CONVERSION = YES;
				CLANG_WARN_INFINITE_RECURSION = YES;
				CLANG_WARN_INT_CONVERSION = YES;
				CLANG_WARN_NON_LITERAL_NULL_CONVERSION = YES;
				CLANG_WARN_OBJC_IMPLICIT_RETAIN_SELF = YES;
				CLANG_WARN_OBJC_LITERAL_CONVERSION = YES;
				CLANG_WARN_OBJC_ROOT_CLASS = YES_ERROR;
				CLANG_WARN_QUOTED_INCLUDE_IN_FRAMEWORK_HEADER = YES;
				CLANG_WARN_RANGE_LOOP_ANALYSIS = YES;
				CLANG_WARN_STRICT_PROTOTYPES = YES;
				CLANG_WARN_SUSPICIOUS_MOVE = YES;
				CLANG_WARN_UNGUARDED_AVAILABILITY = YES_AGGRESSIVE;
				CLANG_WARN_UNREACHABLE_CODE = YES;
				CLANG_WARN__DUPLICATE_METHOD_MATCH = YES;
				COPY_PHASE_STRIP = NO;
				DEBUG_INFORMATION_FORMAT = "dwarf-with-dsym";
				ENABLE_NS_ASSERTIONS = NO;
				ENABLE_STRICT_OBJC_MSGSEND = YES;
				ENABLE_USER_SCRIPT_SANDBOXING = YES;
				GCC_C_LANGUAGE_STANDARD = gnu17;
				GCC_NO_COMMON_BLOCKS = YES;
				GCC_WARN_64_TO_32_BIT_CONVERSION = YES;
				GCC_WARN_ABOUT_RETURN_TYPE = YES_ERROR;
				GCC_WARN_UNDECLARED_SELECTOR = YES;
				GCC_WARN_UNINITIALIZED_AUTOS = YES_AGGRESSIVE;
				GCC_WARN_UNUSED_FUNCTION = YES;
				GCC_WARN_UNUSED_VARIABLE = YES;
				IPHONEOS_DEPLOYMENT_TARGET = 18.5;
				LOCALIZATION_PREFERS_STRING_CATALOGS = YES;
				MTL_ENABLE_DEBUG_INFO = NO;
				MTL_FAST_MATH = YES;
				SDKROOT = iphoneos;
				SWIFT_COMPILATION_MODE = wholemodule;
				VALIDATE_PRODUCT = YES;
			};
			name = Release;
		};
		98D353BA2E39FCD5007A5823 /* Debug */ = {
			isa = XCBuildConfiguration;
			buildSettings = {
				BUNDLE_LOADER = "$(TEST_HOST)";
				CODE_SIGN_STYLE = Automatic;
				CURRENT_PROJECT_VERSION = 1;
				GENERATE_INFOPLIST_FILE = YES;
				IPHONEOS_DEPLOYMENT_TARGET = 18.5;
				MARKETING_VERSION = 1.0;
				PRODUCT_BUNDLE_IDENTIFIER = com.TestSourceGitTests;
				PRODUCT_NAME = "$(TARGET_NAME)";
				SWIFT_EMIT_LOC_STRINGS = NO;
				SWIFT_VERSION = 5.0;
				TARGETED_DEVICE_FAMILY = "1,2";
				TEST_HOST = "$(BUILT_PRODUCTS_DIR)/TestSourceGit.app/$(BUNDLE_EXECUTABLE_FOLDER_PATH)/TestSourceGit";
			};
			name = Debug;
		};
		98D353BB2E39FCD5007A5823 /* Release */ = {
			isa = XCBuildConfiguration;
			buildSettings = {
				BUNDLE_LOADER = "$(TEST_HOST)";
				CODE_SIGN_STYLE = Automatic;
				CURRENT_PROJECT_VERSION = 1;
				GENERATE_INFOPLIST_FILE = YES;
				IPHONEOS_DEPLOYMENT_TARGET = 18.5;
				MARKETING_VERSION = 1.0;
				PRODUCT_BUNDLE_IDENTIFIER = com.TestSourceGitTests;
				PRODUCT_NAME = "$(TARGET_NAME)";
				SWIFT_EMIT_LOC_STRINGS = NO;
				SWIFT_VERSION = 5.0;
				TARGETED_DEVICE_FAMILY = "1,2";
				TEST_HOST = "$(BUILT_PRODUCTS_DIR)/TestSourceGit.app/$(BUNDLE_EXECUTABLE_FOLDER_PATH)/TestSourceGit";
			};
			name = Release;
		};
		98D353BD2E39FCD5007A5823 /* Debug */ = {
			isa = XCBuildConfiguration;
			buildSettings = {
				CODE_SIGN_STYLE = Automatic;
				CURRENT_PROJECT_VERSION = 1;
				GENERATE_INFOPLIST_FILE = YES;
				MARKETING_VERSION = 1.0;
				PRODUCT_BUNDLE_IDENTIFIER = com.TestSourceGitUITests;
				PRODUCT_NAME = "$(TARGET_NAME)";
				SWIFT_EMIT_LOC_STRINGS = NO;
				SWIFT_VERSION = 5.0;
				TARGETED_DEVICE_FAMILY = "1,2";
				TEST_TARGET_NAME = TestSourceGit;
			};
			name = Debug;
		};
		98D353BE2E39FCD5007A5823 /* Release */ = {
			isa = XCBuildConfiguration;
			buildSettings = {
				CODE_SIGN_STYLE = Automatic;
				CURRENT_PROJECT_VERSION = 1;
				GENERATE_INFOPLIST_FILE = YES;
				MARKETING_VERSION = 1.0;
				PRODUCT_BUNDLE_IDENTIFIER = com.TestSourceGitUITests;
				PRODUCT_NAME = "$(TARGET_NAME)";
				SWIFT_EMIT_LOC_STRINGS = NO;
				SWIFT_VERSION = 5.0;
				TARGETED_DEVICE_FAMILY = "1,2";
				TEST_TARGET_NAME = TestSourceGit;
			};
			name = Release;
		};
/* End XCBuildConfiguration section */

/* Begin XCConfigurationList section */
		98D353862E39FCD2007A5823 /* Build configuration list for PBXProject "TestSourceGit" */ = {
			isa = XCConfigurationList;
			buildConfigurations = (
				98D353B72E39FCD5007A5823 /* Debug */,
				98D353B82E39FCD5007A5823 /* Release */,
			);
			defaultConfigurationIsVisible = 0;
			defaultConfigurationName = Release;
		};
		98D353B42E39FCD5007A5823 /* Build configuration list for PBXNativeTarget "TestSourceGit" */ = {
			isa = XCConfigurationList;
			buildConfigurations = (
				98D353B52E39FCD5007A5823 /* Debug */,
				98D353B62E39FCD5007A5823 /* Release */,
			);
			defaultConfigurationIsVisible = 0;
			defaultConfigurationName = Release;
		};
		98D353B92E39FCD5007A5823 /* Build configuration list for PBXNativeTarget "TestSourceGitTests" */ = {
			isa = XCConfigurationList;
			buildConfigurations = (
				98D353BA2E39FCD5007A5823 /* Debug */,
				98D353BB2E39FCD5007A5823 /* Release */,
			);
			defaultConfigurationIsVisible = 0;
			defaultConfigurationName = Release;
		};
		98D353BC2E39FCD5007A5823 /* Build configuration list for PBXNativeTarget "TestSourceGitUITests" */ = {
			isa = XCConfigurationList;
			buildConfigurations = (
				98D353BD2E39FCD5007A5823 /* Debug */,
				98D353BE2E39FCD5007A5823 /* Release */,
			);
			defaultConfigurationIsVisible = 0;
			defaultConfigurationName = Release;
		};
/* End XCConfigurationList section */
	};
	rootObject = 98D353832E39FCD2007A5823 /* Project object */;
}
